
Microsoft Visual Studio Solution File, Format Version 12.00
# Visual Studio Version 16
VisualStudioVersion = 16.0.30204.135
MinimumVisualStudioVersion = 10.0.40219.1
Project("{FAE04EC0-301F-11D3-BF4B-00C04F79EFBC}") = "laba5_oop", "laba5_oop\laba5_oop.csproj", "{7EC1274A-4ACB-4C2D-9901-601B5DA7404F}"
EndProject
Global
	GlobalSection(SolutionConfigurationPlatforms) = preSolution
		Debug|Any CPU = Debug|Any CPU
		Release|Any CPU = Release|Any CPU
	EndGlobalSection
	GlobalSection(ProjectConfigurationPlatforms) = postSolution
		{7EC1274A-4ACB-4C2D-9901-601B5DA7404F}.Debug|Any CPU.ActiveCfg = Debug|Any CPU
		{7EC1274A-4ACB-4C2D-9901-601B5DA7404F}.Debug|Any CPU.Build.0 = Debug|Any CPU
		{7EC1274A-4ACB-4C2D-9901-601B5DA7404F}.Release|Any CPU.ActiveCfg = Release|Any CPU
		{7EC1274A-4ACB-4C2D-9901-601B5DA7404F}.Release|Any CPU.Build.0 = Release|Any CPU
	EndGlobalSection
	GlobalSection(SolutionProperties) = preSolution
		HideSolutionNode = FALSE
	EndGlobalSection
	GlobalSection(ExtensibilityGlobals) = postSolution
		SolutionGuid = {16090877-7648-4AC8-A655-17EB7F277C9D}
	EndGlobalSection
EndGlobal
